
Microsoft Visual Studio Solution File, Format Version 12.00
# Visual Studio Version 16
VisualStudioVersion = 16.0.31112.23
MinimumVisualStudioVersion = 10.0.40219.1
Project("{8BC9CEB8-8B4A-11D0-8D11-00A0C91BC942}") = "7_1_chapter", "CPP_TBC_CH7\CPP_TBC_CH7.vcxproj", "{2CC4ABE9-5A1C-49E4-AA69-3D795E998949}"
EndProject
Project("{8BC9CEB8-8B4A-11D0-8D11-00A0C91BC942}") = "7_2_chapter", "7_2_chapter\7_2_chapter.vcxproj", "{D9761A73-C358-4F6D-BF3C-772AC43806C5}"
EndProject
Project("{8BC9CEB8-8B4A-11D0-8D11-00A0C91BC942}") = "7_3_chapter", "7_3_chapter\7_3_chapter.vcxproj", "{A162DA67-20FD-4FD8-B383-FEFB2173FDB3}"
EndProject
Project("{8BC9CEB8-8B4A-11D0-8D11-00A0C91BC942}") = "7_4_chapter", "7_4_chapter\7_4_chapter.vcxproj", "{A85E2906-F11E-4E44-9C5F-5BF3E2055DD7}"
EndProject
Project("{8BC9CEB8-8B4A-11D0-8D11-00A0C91BC942}") = "7_5_chapter", "7_5_chapter\7_5_chapter.vcxproj", "{2EBCA140-8729-4273-A628-A44D97B6F4D6}"
EndProject
Project("{8BC9CEB8-8B4A-11D0-8D11-00A0C91BC942}") = "7_6_chapter", "7_6_chapter\7_6_chapter.vcxproj", "{A356359B-C99A-42C7-87C7-24BE7A909F1A}"
EndProject
Project("{8BC9CEB8-8B4A-11D0-8D11-00A0C91BC942}") = "7_7_chapter", "7_7_chapter\7_7_chapter.vcxproj", "{9FEE6079-CC7A-4EC5-A5A0-D1735B014B66}"
EndProject
Project("{8BC9CEB8-8B4A-11D0-8D11-00A0C91BC942}") = "7_8_chapter", "7_8_chapter\7_8_chapter.vcxproj", "{E7C08297-BCFB-4D3B-9A23-E18075C35643}"
EndProject
Project("{8BC9CEB8-8B4A-11D0-8D11-00A0C91BC942}") = "7_9_chapter", "7_9_chapter\7_9_chapter.vcxproj", "{3D391106-B4E9-4F33-9623-EBC436EC7220}"
EndProject
Project("{8BC9CEB8-8B4A-11D0-8D11-00A0C91BC942}") = "7_10_chapter", "7_10_chapter\7_10_chapter.vcxproj", "{3868632B-172A-4865-99EC-414516E39E12}"
EndProject
Project("{8BC9CEB8-8B4A-11D0-8D11-00A0C91BC942}") = "7_11_chapter", "7_11_chapter\7_11_chapter.vcxproj", "{7C314294-0779-4232-B13A-288B172D2B60}"
EndProject
Project("{8BC9CEB8-8B4A-11D0-8D11-00A0C91BC942}") = "7_12_chapter", "7_12_chapter\7_12_chapter.vcxproj", "{D8822F44-3805-4A47-BBB4-84F727C28411}"
EndProject
Project("{8BC9CEB8-8B4A-11D0-8D11-00A0C91BC942}") = "7_13_chapter", "7_13_chapter\7_13_chapter.vcxproj", "{04BFBF81-72C5-4535-8F6A-895B5954B919}"
EndProject
Project("{8BC9CEB8-8B4A-11D0-8D11-00A0C91BC942}") = "7_14_chapter", "7_14_chapter\7_14_chapter.vcxproj", "{44AC882C-7653-4E8E-B719-CC4D98557B6D}"
EndProject
Project("{8BC9CEB8-8B4A-11D0-8D11-00A0C91BC942}") = "7_15_chapter", "7_15_chapter\7_15_chapter.vcxproj", "{40A6E160-A7BA-4256-9EE7-158FE3231C48}"
EndProject
Project("{8BC9CEB8-8B4A-11D0-8D11-00A0C91BC942}") = "7_16_chapter", "7_16_chapter\7_16_chapter.vcxproj", "{5BF05FCD-E901-45FC-BBE2-CAE9C8698849}"
EndProject
Global
	GlobalSection(SolutionConfigurationPlatforms) = preSolution
		Debug|x64 = Debug|x64
		Debug|x86 = Debug|x86
		Release|x64 = Release|x64
		Release|x86 = Release|x86
	EndGlobalSection
	GlobalSection(ProjectConfigurationPlatforms) = postSolution
		{2CC4ABE9-5A1C-49E4-AA69-3D795E998949}.Debug|x64.ActiveCfg = Debug|x64
		{2CC4ABE9-5A1C-49E4-AA69-3D795E998949}.Debug|x64.Build.0 = Debug|x64
		{2CC4ABE9-5A1C-49E4-AA69-3D795E998949}.Debug|x86.ActiveCfg = Debug|Win32
		{2CC4ABE9-5A1C-49E4-AA69-3D795E998949}.Debug|x86.Build.0 = Debug|Win32
		{2CC4ABE9-5A1C-49E4-AA69-3D795E998949}.Release|x64.ActiveCfg = Release|x64
		{2CC4ABE9-5A1C-49E4-AA69-3D795E998949}.Release|x64.Build.0 = Release|x64
		{2CC4ABE9-5A1C-49E4-AA69-3D795E998949}.Release|x86.ActiveCfg = Release|Win32
		{2CC4ABE9-5A1C-49E4-AA69-3D795E998949}.Release|x86.Build.0 = Release|Win32
		{D9761A73-C358-4F6D-BF3C-772AC43806C5}.Debug|x64.ActiveCfg = Debug|x64
		{D9761A73-C358-4F6D-BF3C-772AC43806C5}.Debug|x64.Build.0 = Debug|x64
		{D9761A73-C358-4F6D-BF3C-772AC43806C5}.Debug|x86.ActiveCfg = Debug|Win32
		{D9761A73-C358-4F6D-BF3C-772AC43806C5}.Debug|x86.Build.0 = Debug|Win32
		{D9761A73-C358-4F6D-BF3C-772AC43806C5}.Release|x64.ActiveCfg = Release|x64
		{D9761A73-C358-4F6D-BF3C-772AC43806C5}.Release|x64.Build.0 = Release|x64
		{D9761A73-C358-4F6D-BF3C-772AC43806C5}.Release|x86.ActiveCfg = Release|Win32
		{D9761A73-C358-4F6D-BF3C-772AC43806C5}.Release|x86.Build.0 = Release|Win32
		{A162DA67-20FD-4FD8-B383-FEFB2173FDB3}.Debug|x64.ActiveCfg = Debug|x64
		{A162DA67-20FD-4FD8-B383-FEFB2173FDB3}.Debug|x64.Build.0 = Debug|x64
		{A162DA67-20FD-4FD8-B383-FEFB2173FDB3}.Debug|x86.ActiveCfg = Debug|Win32
		{A162DA67-20FD-4FD8-B383-FEFB2173FDB3}.Debug|x86.Build.0 = Debug|Win32
		{A162DA67-20FD-4FD8-B383-FEFB2173FDB3}.Release|x64.ActiveCfg = Release|x64
		{A162DA67-20FD-4FD8-B383-FEFB2173FDB3}.Release|x64.Build.0 = Release|x64
		{A162DA67-20FD-4FD8-B383-FEFB2173FDB3}.Release|x86.ActiveCfg = Release|Win32
		{A162DA67-20FD-4FD8-B383-FEFB2173FDB3}.Release|x86.Build.0 = Release|Win32
		{A85E2906-F11E-4E44-9C5F-5BF3E2055DD7}.Debug|x64.ActiveCfg = Debug|x64
		{A85E2906-F11E-4E44-9C5F-5BF3E2055DD7}.Debug|x64.Build.0 = Debug|x64
		{A85E2906-F11E-4E44-9C5F-5BF3E2055DD7}.Debug|x86.ActiveCfg = Debug|Win32
		{A85E2906-F11E-4E44-9C5F-5BF3E2055DD7}.Debug|x86.Build.0 = Debug|Win32
		{A85E2906-F11E-4E44-9C5F-5BF3E2055DD7}.Release|x64.ActiveCfg = Release|x64
		{A85E2906-F11E-4E44-9C5F-5BF3E2055DD7}.Release|x64.Build.0 = Release|x64
		{A85E2906-F11E-4E44-9C5F-5BF3E2055DD7}.Release|x86.ActiveCfg = Release|Win32
		{A85E2906-F11E-4E44-9C5F-5BF3E2055DD7}.Release|x86.Build.0 = Release|Win32
		{2EBCA140-8729-4273-A628-A44D97B6F4D6}.Debug|x64.ActiveCfg = Debug|x64
		{2EBCA140-8729-4273-A628-A44D97B6F4D6}.Debug|x64.Build.0 = Debug|x64
		{2EBCA140-8729-4273-A628-A44D97B6F4D6}.Debug|x86.ActiveCfg = Debug|Win32
		{2EBCA140-8729-4273-A628-A44D97B6F4D6}.Debug|x86.Build.0 = Debug|Win32
		{2EBCA140-8729-4273-A628-A44D97B6F4D6}.Release|x64.ActiveCfg = Release|x64
		{2EBCA140-8729-4273-A628-A44D97B6F4D6}.Release|x64.Build.0 = Release|x64
		{2EBCA140-8729-4273-A628-A44D97B6F4D6}.Release|x86.ActiveCfg = Release|Win32
		{2EBCA140-8729-4273-A628-A44D97B6F4D6}.Release|x86.Build.0 = Release|Win32
		{A356359B-C99A-42C7-87C7-24BE7A909F1A}.Debug|x64.ActiveCfg = Debug|x64
		{A356359B-C99A-42C7-87C7-24BE7A909F1A}.Debug|x64.Build.0 = Debug|x64
		{A356359B-C99A-42C7-87C7-24BE7A909F1A}.Debug|x86.ActiveCfg = Debug|Win32
		{A356359B-C99A-42C7-87C7-24BE7A909F1A}.Debug|x86.Build.0 = Debug|Win32
		{A356359B-C99A-42C7-87C7-24BE7A909F1A}.Release|x64.ActiveCfg = Release|x64
		{A356359B-C99A-42C7-87C7-24BE7A909F1A}.Release|x64.Build.0 = Release|x64
		{A356359B-C99A-42C7-87C7-24BE7A909F1A}.Release|x86.ActiveCfg = Release|Win32
		{A356359B-C99A-42C7-87C7-24BE7A909F1A}.Release|x86.Build.0 = Release|Win32
		{9FEE6079-CC7A-4EC5-A5A0-D1735B014B66}.Debug|x64.ActiveCfg = Debug|x64
		{9FEE6079-CC7A-4EC5-A5A0-D1735B014B66}.Debug|x64.Build.0 = Debug|x64
		{9FEE6079-CC7A-4EC5-A5A0-D1735B014B66}.Debug|x86.ActiveCfg = Debug|Win32
		{9FEE6079-CC7A-4EC5-A5A0-D1735B014B66}.Debug|x86.Build.0 = Debug|Win32
		{9FEE6079-CC7A-4EC5-A5A0-D1735B014B66}.Release|x64.ActiveCfg = Release|x64
		{9FEE6079-CC7A-4EC5-A5A0-D1735B014B66}.Release|x64.Build.0 = Release|x64
		{9FEE6079-CC7A-4EC5-A5A0-D1735B014B66}.Release|x86.ActiveCfg = Release|Win32
		{9FEE6079-CC7A-4EC5-A5A0-D1735B014B66}.Release|x86.Build.0 = Release|Win32
		{E7C08297-BCFB-4D3B-9A23-E18075C35643}.Debug|x64.ActiveCfg = Debug|x64
		{E7C08297-BCFB-4D3B-9A23-E18075C35643}.Debug|x64.Build.0 = Debug|x64
		{E7C08297-BCFB-4D3B-9A23-E18075C35643}.Debug|x86.ActiveCfg = Debug|Win32
		{E7C08297-BCFB-4D3B-9A23-E18075C35643}.Debug|x86.Build.0 = Debug|Win32
		{E7C08297-BCFB-4D3B-9A23-E18075C35643}.Release|x64.ActiveCfg = Release|x64
		{E7C08297-BCFB-4D3B-9A23-E18075C35643}.Release|x64.Build.0 = Release|x64
		{E7C08297-BCFB-4D3B-9A23-E18075C35643}.Release|x86.ActiveCfg = Release|Win32
		{E7C08297-BCFB-4D3B-9A23-E18075C35643}.Release|x86.Build.0 = Release|Win32
		{3D391106-B4E9-4F33-9623-EBC436EC7220}.Debug|x64.ActiveCfg = Debug|x64
		{3D391106-B4E9-4F33-9623-EBC436EC7220}.Debug|x64.Build.0 = Debug|x64
		{3D391106-B4E9-4F33-9623-EBC436EC7220}.Debug|x86.ActiveCfg = Debug|Win32
		{3D391106-B4E9-4F33-9623-EBC436EC7220}.Debug|x86.Build.0 = Debug|Win32
		{3D391106-B4E9-4F33-9623-EBC436EC7220}.Release|x64.ActiveCfg = Release|x64
		{3D391106-B4E9-4F33-9623-EBC436EC7220}.Release|x64.Build.0 = Release|x64
		{3D391106-B4E9-4F33-9623-EBC436EC7220}.Release|x86.ActiveCfg = Release|Win32
		{3D391106-B4E9-4F33-9623-EBC436EC7220}.Release|x86.Build.0 = Release|Win32
		{3868632B-172A-4865-99EC-414516E39E12}.Debug|x64.ActiveCfg = Debug|x64
		{3868632B-172A-4865-99EC-414516E39E12}.Debug|x64.Build.0 = Debug|x64
		{3868632B-172A-4865-99EC-414516E39E12}.Debug|x86.ActiveCfg = Debug|Win32
		{3868632B-172A-4865-99EC-414516E39E12}.Debug|x86.Build.0 = Debug|Win32
		{3868632B-172A-4865-99EC-414516E39E12}.Release|x64.ActiveCfg = Release|x64
		{3868632B-172A-4865-99EC-414516E39E12}.Release|x64.Build.0 = Release|x64
		{3868632B-172A-4865-99EC-414516E39E12}.Release|x86.ActiveCfg = Release|Win32
		{3868632B-172A-4865-99EC-414516E39E12}.Release|x86.Build.0 = Release|Win32
		{7C314294-0779-4232-B13A-288B172D2B60}.Debug|x64.ActiveCfg = Debug|x64
		{7C314294-0779-4232-B13A-288B172D2B60}.Debug|x64.Build.0 = Debug|x64
		{7C314294-0779-4232-B13A-288B172D2B60}.Debug|x86.ActiveCfg = Debug|Win32
		{7C314294-0779-4232-B13A-288B172D2B60}.Debug|x86.Build.0 = Debug|Win32
		{7C314294-0779-4232-B13A-288B172D2B60}.Release|x64.ActiveCfg = Release|x64
		{7C314294-0779-4232-B13A-288B172D2B60}.Release|x64.Build.0 = Release|x64
		{7C314294-0779-4232-B13A-288B172D2B60}.Release|x86.ActiveCfg = Release|Win32
		{7C314294-0779-4232-B13A-288B172D2B60}.Release|x86.Build.0 = Release|Win32
		{D8822F44-3805-4A47-BBB4-84F727C28411}.Debug|x64.ActiveCfg = Debug|x64
		{D8822F44-3805-4A47-BBB4-84F727C28411}.Debug|x64.Build.0 = Debug|x64
		{D8822F44-3805-4A47-BBB4-84F727C28411}.Debug|x86.ActiveCfg = Debug|Win32
		{D8822F44-3805-4A47-BBB4-84F727C28411}.Debug|x86.Build.0 = Debug|Win32
		{D8822F44-3805-4A47-BBB4-84F727C28411}.Release|x64.ActiveCfg = Release|x64
		{D8822F44-3805-4A47-BBB4-84F727C28411}.Release|x64.Build.0 = Release|x64
		{D8822F44-3805-4A47-BBB4-84F727C28411}.Release|x86.ActiveCfg = Release|Win32
		{D8822F44-3805-4A47-BBB4-84F727C28411}.Release|x86.Build.0 = Release|Win32
		{04BFBF81-72C5-4535-8F6A-895B5954B919}.Debug|x64.ActiveCfg = Debug|x64
		{04BFBF81-72C5-4535-8F6A-895B5954B919}.Debug|x64.Build.0 = Debug|x64
		{04BFBF81-72C5-4535-8F6A-895B5954B919}.Debug|x86.ActiveCfg = Debug|Win32
		{04BFBF81-72C5-4535-8F6A-895B5954B919}.Debug|x86.Build.0 = Debug|Win32
		{04BFBF81-72C5-4535-8F6A-895B5954B919}.Release|x64.ActiveCfg = Release|x64
		{04BFBF81-72C5-4535-8F6A-895B5954B919}.Release|x64.Build.0 = Release|x64
		{04BFBF81-72C5-4535-8F6A-895B5954B919}.Release|x86.ActiveCfg = Release|Win32
		{04BFBF81-72C5-4535-8F6A-895B5954B919}.Release|x86.Build.0 = Release|Win32
		{44AC882C-7653-4E8E-B719-CC4D98557B6D}.Debug|x64.ActiveCfg = Debug|x64
		{44AC882C-7653-4E8E-B719-CC4D98557B6D}.Debug|x64.Build.0 = Debug|x64
		{44AC882C-7653-4E8E-B719-CC4D98557B6D}.Debug|x86.ActiveCfg = Debug|Win32
		{44AC882C-7653-4E8E-B719-CC4D98557B6D}.Debug|x86.Build.0 = Debug|Win32
		{44AC882C-7653-4E8E-B719-CC4D98557B6D}.Release|x64.ActiveCfg = Release|x64
		{44AC882C-7653-4E8E-B719-CC4D98557B6D}.Release|x64.Build.0 = Release|x64
		{44AC882C-7653-4E8E-B719-CC4D98557B6D}.Release|x86.ActiveCfg = Release|Win32
		{44AC882C-7653-4E8E-B719-CC4D98557B6D}.Release|x86.Build.0 = Release|Win32
		{40A6E160-A7BA-4256-9EE7-158FE3231C48}.Debug|x64.ActiveCfg = Debug|x64
		{40A6E160-A7BA-4256-9EE7-158FE3231C48}.Debug|x64.Build.0 = Debug|x64
		{40A6E160-A7BA-4256-9EE7-158FE3231C48}.Debug|x86.ActiveCfg = Debug|Win32
		{40A6E160-A7BA-4256-9EE7-158FE3231C48}.Debug|x86.Build.0 = Debug|Win32
		{40A6E160-A7BA-4256-9EE7-158FE3231C48}.Release|x64.ActiveCfg = Release|x64
		{40A6E160-A7BA-4256-9EE7-158FE3231C48}.Release|x64.Build.0 = Release|x64
		{40A6E160-A7BA-4256-9EE7-158FE3231C48}.Release|x86.ActiveCfg = Release|Win32
		{40A6E160-A7BA-4256-9EE7-158FE3231C48}.Release|x86.Build.0 = Release|Win32
		{5BF05FCD-E901-45FC-BBE2-CAE9C8698849}.Debug|x64.ActiveCfg = Debug|x64
		{5BF05FCD-E901-45FC-BBE2-CAE9C8698849}.Debug|x64.Build.0 = Debug|x64
		{5BF05FCD-E901-45FC-BBE2-CAE9C8698849}.Debug|x86.ActiveCfg = Debug|Win32
		{5BF05FCD-E901-45FC-BBE2-CAE9C8698849}.Debug|x86.Build.0 = Debug|Win32
		{5BF05FCD-E901-45FC-BBE2-CAE9C8698849}.Release|x64.ActiveCfg = Release|x64
		{5BF05FCD-E901-45FC-BBE2-CAE9C8698849}.Release|x64.Build.0 = Release|x64
		{5BF05FCD-E901-45FC-BBE2-CAE9C8698849}.Release|x86.ActiveCfg = Release|Win32
		{5BF05FCD-E901-45FC-BBE2-CAE9C8698849}.Release|x86.Build.0 = Release|Win32
	EndGlobalSection
	GlobalSection(SolutionProperties) = preSolution
		HideSolutionNode = FALSE
	EndGlobalSection
	GlobalSection(ExtensibilityGlobals) = postSolution
		SolutionGuid = {643F0846-F29B-4B9E-8A77-F14917D8E7C7}
	EndGlobalSection
EndGlobal
